
Microsoft Visual Studio Solution File, Format Version 12.00
# Visual Studio Version 17
VisualStudioVersion = 17.11.35208.52
MinimumVisualStudioVersion = 10.0.40219.1
Project("{FAE04EC0-301F-11D3-BF4B-00C04F79EFBC}") = "Zenworks_Forms", "Zenworks_Forms\Zenworks_Forms.csproj", "{E9C6B445-D2CB-45FA-9C77-F7340B7F3CA1}"
EndProject
Project("{FAE04EC0-301F-11D3-BF4B-00C04F79EFBC}") = "Zenworks_Forms_BusinessEntities", "Zenworks_Forms_BusinessEntities\Zenworks_Forms_BusinessEntities.csproj", "{BFC60013-30CC-4551-B120-C601FF76B8D7}"
EndProject
Project("{FAE04EC0-301F-11D3-BF4B-00C04F79EFBC}") = "Zenworks_Forms_DBConnectivity", "Zenworks_Forms_DBConnectivity\Zenworks_Forms_DBConnectivity.csproj", "{F55D478E-10CE-40F0-B9AA-CEAC0EDB8B16}"
EndProject
Project("{FAE04EC0-301F-11D3-BF4B-00C04F79EFBC}") = "Zenworks_Forms_Service", "Zenworks_Forms_ServiceLayer\Zenworks_Forms_Service.csproj", "{5C2B3B70-83B6-42B0-AD88-B88B81C7C520}"
EndProject
Project("{FAE04EC0-301F-11D3-BF4B-00C04F79EFBC}") = "Zenworks_Forms_Repository", "Zenworks_Forms_Repository\Zenworks_Forms_Repository.csproj", "{F3F4C869-6AAC-4371-9F86-4BB22D99D304}"
EndProject
Global
	GlobalSection(SolutionConfigurationPlatforms) = preSolution
		Debug|Any CPU = Debug|Any CPU
		Release|Any CPU = Release|Any CPU
	EndGlobalSection
	GlobalSection(ProjectConfigurationPlatforms) = postSolution
		{E9C6B445-D2CB-45FA-9C77-F7340B7F3CA1}.Debug|Any CPU.ActiveCfg = Debug|Any CPU
		{E9C6B445-D2CB-45FA-9C77-F7340B7F3CA1}.Debug|Any CPU.Build.0 = Debug|Any CPU
		{E9C6B445-D2CB-45FA-9C77-F7340B7F3CA1}.Release|Any CPU.ActiveCfg = Release|Any CPU
		{E9C6B445-D2CB-45FA-9C77-F7340B7F3CA1}.Release|Any CPU.Build.0 = Release|Any CPU
		{BFC60013-30CC-4551-B120-C601FF76B8D7}.Debug|Any CPU.ActiveCfg = Debug|Any CPU
		{BFC60013-30CC-4551-B120-C601FF76B8D7}.Debug|Any CPU.Build.0 = Debug|Any CPU
		{BFC60013-30CC-4551-B120-C601FF76B8D7}.Release|Any CPU.ActiveCfg = Release|Any CPU
		{BFC60013-30CC-4551-B120-C601FF76B8D7}.Release|Any CPU.Build.0 = Release|Any CPU
		{F55D478E-10CE-40F0-B9AA-CEAC0EDB8B16}.Debug|Any CPU.ActiveCfg = Debug|Any CPU
		{F55D478E-10CE-40F0-B9AA-CEAC0EDB8B16}.Debug|Any CPU.Build.0 = Debug|Any CPU
		{F55D478E-10CE-40F0-B9AA-CEAC0EDB8B16}.Release|Any CPU.ActiveCfg = Release|Any CPU
		{F55D478E-10CE-40F0-B9AA-CEAC0EDB8B16}.Release|Any CPU.Build.0 = Release|Any CPU
		{5C2B3B70-83B6-42B0-AD88-B88B81C7C520}.Debug|Any CPU.ActiveCfg = Debug|Any CPU
		{5C2B3B70-83B6-42B0-AD88-B88B81C7C520}.Debug|Any CPU.Build.0 = Debug|Any CPU
		{5C2B3B70-83B6-42B0-AD88-B88B81C7C520}.Release|Any CPU.ActiveCfg = Release|Any CPU
		{5C2B3B70-83B6-42B0-AD88-B88B81C7C520}.Release|Any CPU.Build.0 = Release|Any CPU
		{F3F4C869-6AAC-4371-9F86-4BB22D99D304}.Debug|Any CPU.ActiveCfg = Debug|Any CPU
		{F3F4C869-6AAC-4371-9F86-4BB22D99D304}.Debug|Any CPU.Build.0 = Debug|Any CPU
		{F3F4C869-6AAC-4371-9F86-4BB22D99D304}.Release|Any CPU.ActiveCfg = Release|Any CPU
		{F3F4C869-6AAC-4371-9F86-4BB22D99D304}.Release|Any CPU.Build.0 = Release|Any CPU
	EndGlobalSection
	GlobalSection(SolutionProperties) = preSolution
		HideSolutionNode = FALSE
	EndGlobalSection
	GlobalSection(ExtensibilityGlobals) = postSolution
		SolutionGuid = {1DD0D4E0-72A4-4D8B-88BD-A64BB2F57B4B}
	EndGlobalSection
EndGlobal
